
Microsoft Visual Studio Solution File, Format Version 12.00
# Visual Studio 15
Project("{FAE04EC0-301F-11D3-BF4B-00C04F79EFBC}") = "Assembly-CSharp", "Assembly-CSharp.csproj", "{ADA39872-A699-9FDA-CCBB-B7AEBCE8FB90}"
EndProject
Project("{FAE04EC0-301F-11D3-BF4B-00C04F79EFBC}") = "Assembly-CSharp-Editor", "Assembly-CSharp-Editor.csproj", "{704191DA-EC55-C81A-9909-E6149F502E72}"
EndProject
Global
	GlobalSection(SolutionConfigurationPlatforms) = preSolution
		Debug|Any CPU = Debug|Any CPU
		Release|Any CPU = Release|Any CPU
	EndGlobalSection
	GlobalSection(ProjectConfigurationPlatforms) = postSolution
		{ADA39872-A699-9FDA-CCBB-B7AEBCE8FB90}.Debug|Any CPU.ActiveCfg = Debug|Any CPU
		{ADA39872-A699-9FDA-CCBB-B7AEBCE8FB90}.Debug|Any CPU.Build.0 = Debug|Any CPU
		{ADA39872-A699-9FDA-CCBB-B7AEBCE8FB90}.Release|Any CPU.ActiveCfg = Release|Any CPU
		{ADA39872-A699-9FDA-CCBB-B7AEBCE8FB90}.Release|Any CPU.Build.0 = Release|Any CPU
		{704191DA-EC55-C81A-9909-E6149F502E72}.Debug|Any CPU.ActiveCfg = Debug|Any CPU
		{704191DA-EC55-C81A-9909-E6149F502E72}.Debug|Any CPU.Build.0 = Debug|Any CPU
		{704191DA-EC55-C81A-9909-E6149F502E72}.Release|Any CPU.ActiveCfg = Release|Any CPU
		{704191DA-EC55-C81A-9909-E6149F502E72}.Release|Any CPU.Build.0 = Release|Any CPU
	EndGlobalSection
	GlobalSection(SolutionProperties) = preSolution
		HideSolutionNode = FALSE
	EndGlobalSection
EndGlobal
