
Microsoft Visual Studio Solution File, Format Version 12.00
# Visual Studio 15
Project("{FAE04EC0-301F-11D3-BF4B-00C04F79EFBC}") = "Assembly-CSharp", "Assembly-CSharp.csproj", "{294F4C78-68D9-065C-01FD-3FAEFFA70644}"
EndProject
Project("{FAE04EC0-301F-11D3-BF4B-00C04F79EFBC}") = "Assembly-CSharp-Editor", "Assembly-CSharp-Editor.csproj", "{CFBC2ACF-ACC4-3FEB-5C9D-CCA360203049}"
EndProject
Global
	GlobalSection(SolutionConfigurationPlatforms) = preSolution
		Debug|Any CPU = Debug|Any CPU
		Release|Any CPU = Release|Any CPU
	EndGlobalSection
	GlobalSection(ProjectConfigurationPlatforms) = postSolution
		{294F4C78-68D9-065C-01FD-3FAEFFA70644}.Debug|Any CPU.ActiveCfg = Debug|Any CPU
		{294F4C78-68D9-065C-01FD-3FAEFFA70644}.Debug|Any CPU.Build.0 = Debug|Any CPU
		{294F4C78-68D9-065C-01FD-3FAEFFA70644}.Release|Any CPU.ActiveCfg = Release|Any CPU
		{294F4C78-68D9-065C-01FD-3FAEFFA70644}.Release|Any CPU.Build.0 = Release|Any CPU
		{CFBC2ACF-ACC4-3FEB-5C9D-CCA360203049}.Debug|Any CPU.ActiveCfg = Debug|Any CPU
		{CFBC2ACF-ACC4-3FEB-5C9D-CCA360203049}.Debug|Any CPU.Build.0 = Debug|Any CPU
		{CFBC2ACF-ACC4-3FEB-5C9D-CCA360203049}.Release|Any CPU.ActiveCfg = Release|Any CPU
		{CFBC2ACF-ACC4-3FEB-5C9D-CCA360203049}.Release|Any CPU.Build.0 = Release|Any CPU
	EndGlobalSection
	GlobalSection(SolutionProperties) = preSolution
		HideSolutionNode = FALSE
	EndGlobalSection
EndGlobal
